// !$*UTF8*$!
{
	archiveVersion = 1;
	classes = {
	};
	objectVersion = 50;
	objects = {

/* Begin PBXBuildFile section */
		DA075DCA2524BB5A00326030 /* RulesController.swift in Sources */ = {isa = PBXBuildFile; fileRef = DA075DC92524BB5A00326030 /* RulesController.swift */; };
		DA2FB98E251377270065EE19 /* AppDelegate.swift in Sources */ = {isa = PBXBuildFile; fileRef = DA2FB98D251377270065EE19 /* AppDelegate.swift */; };
		DA2FB990251377270065EE19 /* SceneDelegate.swift in Sources */ = {isa = PBXBuildFile; fileRef = DA2FB98F251377270065EE19 /* SceneDelegate.swift */; };
		DA2FB992251377270065EE19 /* ViewController.swift in Sources */ = {isa = PBXBuildFile; fileRef = DA2FB991251377270065EE19 /* ViewController.swift */; };
		DA2FB995251377270065EE19 /* Main.storyboard in Resources */ = {isa = PBXBuildFile; fileRef = DA2FB993251377270065EE19 /* Main.storyboard */; };
		DA2FB998251377270065EE19 /* Flag.xcdatamodeld in Sources */ = {isa = PBXBuildFile; fileRef = DA2FB996251377270065EE19 /* Flag.xcdatamodeld */; };
		DA2FB99A251377280065EE19 /* Assets.xcassets in Resources */ = {isa = PBXBuildFile; fileRef = DA2FB999251377280065EE19 /* Assets.xcassets */; };
		DA2FB99D251377280065EE19 /* LaunchScreen.storyboard in Resources */ = {isa = PBXBuildFile; fileRef = DA2FB99B251377280065EE19 /* LaunchScreen.storyboard */; };
		DAC94DC62524AEEC005D26B1 /* MenuController.swift in Sources */ = {isa = PBXBuildFile; fileRef = DAC94DC52524AEEC005D26B1 /* MenuController.swift */; };
/* End PBXBuildFile section */

/* Begin PBXFileReference section */
		DA075DC92524BB5A00326030 /* RulesController.swift */ = {isa = PBXFileReference; lastKnownFileType = sourcecode.swift; path = RulesController.swift; sourceTree = "<group>"; };
		DA2FB98A251377270065EE19 /* Flag.app */ = {isa = PBXFileReference; explicitFileType = wrapper.application; includeInIndex = 0; path = Flag.app; sourceTree = BUILT_PRODUCTS_DIR; };
		DA2FB98D251377270065EE19 /* AppDelegate.swift */ = {isa = PBXFileReference; lastKnownFileType = sourcecode.swift; path = AppDelegate.swift; sourceTree = "<group>"; };
		DA2FB98F251377270065EE19 /* SceneDelegate.swift */ = {isa = PBXFileReference; lastKnownFileType = sourcecode.swift; path = SceneDelegate.swift; sourceTree = "<group>"; };
		DA2FB991251377270065EE19 /* ViewController.swift */ = {isa = PBXFileReference; lastKnownFileType = sourcecode.swift; path = ViewController.swift; sourceTree = "<group>"; };
		DA2FB994251377270065EE19 /* Base */ = {isa = PBXFileReference; lastKnownFileType = file.storyboard; name = Base; path = Base.lproj/Main.storyboard; sourceTree = "<group>"; };
		DA2FB997251377270065EE19 /* Flag.xcdatamodel */ = {isa = PBXFileReference; lastKnownFileType = wrapper.xcdatamodel; path = Flag.xcdatamodel; sourceTree = "<group>"; };
		DA2FB999251377280065EE19 /* Assets.xcassets */ = {isa = PBXFileReference; lastKnownFileType = folder.assetcatalog; path = Assets.xcassets; sourceTree = "<group>"; };
		DA2FB99C251377280065EE19 /* Base */ = {isa = PBXFileReference; lastKnownFileType = file.storyboard; name = Base; path = Base.lproj/LaunchScreen.storyboard; sourceTree = "<group>"; };
		DA2FB99E251377280065EE19 /* Info.plist */ = {isa = PBXFileReference; lastKnownFileType = text.plist.xml; path = Info.plist; sourceTree = "<group>"; };
		DAC94DC52524AEEC005D26B1 /* MenuController.swift */ = {isa = PBXFileReference; lastKnownFileType = sourcecode.swift; path = MenuController.swift; sourceTree = "<group>"; };
/* End PBXFileReference section */

/* Begin PBXFrameworksBuildPhase section */
		DA2FB987251377270065EE19 /* Frameworks */ = {
			isa = PBXFrameworksBuildPhase;
			buildActionMask = 2147483647;
			files = (
			);
			runOnlyForDeploymentPostprocessing = 0;
		};
/* End PBXFrameworksBuildPhase section */

/* Begin PBXGroup section */
		DA2FB981251377270065EE19 = {
			isa = PBXGroup;
			children = (
				DA2FB98C251377270065EE19 /* Flag */,
				DA2FB98B251377270065EE19 /* Products */,
			);
			sourceTree = "<group>";
		};
		DA2FB98B251377270065EE19 /* Products */ = {
			isa = PBXGroup;
			children = (
				DA2FB98A251377270065EE19 /* Flag.app */,
			);
			name = Products;
			sourceTree = "<group>";
		};
		DA2FB98C251377270065EE19 /* Flag */ = {
			isa = PBXGroup;
			children = (
				DA2FB98D251377270065EE19 /* AppDelegate.swift */,
				DA2FB98F251377270065EE19 /* SceneDelegate.swift */,
				DA2FB993251377270065EE19 /* Main.storyboard */,
				DA075DC92524BB5A00326030 /* RulesController.swift */,
				DA2FB991251377270065EE19 /* ViewController.swift */,
				DAC94DC52524AEEC005D26B1 /* MenuController.swift */,
				DA2FB999251377280065EE19 /* Assets.xcassets */,
				DA2FB99B251377280065EE19 /* LaunchScreen.storyboard */,
				DA2FB99E251377280065EE19 /* Info.plist */,
				DA2FB996251377270065EE19 /* Flag.xcdatamodeld */,
			);
			path = Flag;
			sourceTree = "<group>";
		};
/* End PBXGroup section */

/* Begin PBXNativeTarget section */
		DA2FB989251377270065EE19 /* Flag */ = {
			isa = PBXNativeTarget;
			buildConfigurationList = DA2FB9A1251377280065EE19 /* Build configuration list for PBXNativeTarget "Flag" */;
			buildPhases = (
				DA2FB986251377270065EE19 /* Sources */,
				DA2FB987251377270065EE19 /* Frameworks */,
				DA2FB988251377270065EE19 /* Resources */,
			);
			buildRules = (
			);
			dependencies = (
			);
			name = Flag;
			productName = Flag;
			productReference = DA2FB98A251377270065EE19 /* Flag.app */;
			productType = "com.apple.product-type.application";
		};
/* End PBXNativeTarget section */

/* Begin PBXProject section */
		DA2FB982251377270065EE19 /* Project object */ = {
			isa = PBXProject;
			attributes = {
				LastSwiftUpdateCheck = 1170;
				LastUpgradeCheck = 1170;
				ORGANIZATIONNAME = Hovo;
				TargetAttributes = {
					DA2FB989251377270065EE19 = {
						CreatedOnToolsVersion = 11.7;
					};
				};
			};
			buildConfigurationList = DA2FB985251377270065EE19 /* Build configuration list for PBXProject "Flag" */;
			compatibilityVersion = "Xcode 9.3";
			developmentRegion = en;
			hasScannedForEncodings = 0;
			knownRegions = (
				en,
				Base,
			);
			mainGroup = DA2FB981251377270065EE19;
			productRefGroup = DA2FB98B251377270065EE19 /* Products */;
			projectDirPath = "";
			projectRoot = "";
			targets = (
				DA2FB989251377270065EE19 /* Flag */,
			);
		};
/* End PBXProject section */

/* Begin PBXResourcesBuildPhase section */
		DA2FB988251377270065EE19 /* Resources */ = {
			isa = PBXResourcesBuildPhase;
			buildActionMask = 2147483647;
			files = (
				DA2FB99D251377280065EE19 /* LaunchScreen.storyboard in Resources */,
				DA2FB99A251377280065EE19 /* Assets.xcassets in Resources */,
				DA2FB995251377270065EE19 /* Main.storyboard in Resources */,
			);
			runOnlyForDeploymentPostprocessing = 0;
		};
/* End PBXResourcesBuildPhase section */

/* Begin PBXSourcesBuildPhase section */
		DA2FB986251377270065EE19 /* Sources */ = {
			isa = PBXSourcesBuildPhase;
			buildActionMask = 2147483647;
			files = (
				DAC94DC62524AEEC005D26B1 /* MenuController.swift in Sources */,
				DA2FB992251377270065EE19 /* ViewController.swift in Sources */,
				DA2FB98E251377270065EE19 /* AppDelegate.swift in Sources */,
				DA075DCA2524BB5A00326030 /* RulesController.swift in Sources */,
				DA2FB990251377270065EE19 /* SceneDelegate.swift in Sources */,
				DA2FB998251377270065EE19 /* Flag.xcdatamodeld in Sources */,
			);
			runOnlyForDeploymentPostprocessing = 0;
		};
/* End PBXSourcesBuildPhase section */

/* Begin PBXVariantGroup section */
		DA2FB993251377270065EE19 /* Main.storyboard */ = {
			isa = PBXVariantGroup;
			children = (
				DA2FB994251377270065EE19 /* Base */,
			);
			name = Main.storyboard;
			sourceTree = "<group>";
		};
		DA2FB99B251377280065EE19 /* LaunchScreen.storyboard */ = {
			isa = PBXVariantGroup;
			children = (
				DA2FB99C251377280065EE19 /* Base */,
			);
			name = LaunchScreen.storyboard;
			sourceTree = "<group>";
		};
/* End PBXVariantGroup section */

/* Begin XCBuildConfiguration section */
		DA2FB99F251377280065EE19 /* Debug */ = {
			isa = XCBuildConfiguration;
			buildSettings = {
				ALWAYS_SEARCH_USER_PATHS = NO;
				CLANG_ANALYZER_NONNULL = YES;
				CLANG_ANALYZER_NUMBER_OBJECT_CONVERSION = YES_AGGRESSIVE;
				CLANG_CXX_LANGUAGE_STANDARD = "gnu++14";
				CLANG_CXX_LIBRARY = "libc++";
				CLANG_ENABLE_MODULES = YES;
				CLANG_ENABLE_OBJC_ARC = YES;
				CLANG_ENABLE_OBJC_WEAK = YES;
				CLANG_WARN_BLOCK_CAPTURE_AUTORELEASING = YES;
				CLANG_WARN_BOOL_CONVERSION = YES;
				CLANG_WARN_COMMA = YES;
				CLANG_WARN_CONSTANT_CONVERSION = YES;
				CLANG_WARN_DEPRECATED_OBJC_IMPLEMENTATIONS = YES;
				CLANG_WARN_DIRECT_OBJC_ISA_USAGE = YES_ERROR;
				CLANG_WARN_DOCUMENTATION_COMMENTS = YES;
				CLANG_WARN_EMPTY_BODY = YES;
				CLANG_WARN_ENUM_CONVERSION = YES;
				CLANG_WARN_INFINITE_RECURSION = YES;
				CLANG_WARN_INT_CONVERSION = YES;
				CLANG_WARN_NON_LITERAL_NULL_CONVERSION = YES;
				CLANG_WARN_OBJC_IMPLICIT_RETAIN_SELF = YES;
				CLANG_WARN_OBJC_LITERAL_CONVERSION = YES;
				CLANG_WARN_OBJC_ROOT_CLASS = YES_ERROR;
				CLANG_WARN_RANGE_LOOP_ANALYSIS = YES;
				CLANG_WARN_STRICT_PROTOTYPES = YES;
				CLANG_WARN_SUSPICIOUS_MOVE = YES;
				CLANG_WARN_UNGUARDED_AVAILABILITY = YES_AGGRESSIVE;
				CLANG_WARN_UNREACHABLE_CODE = YES;
				CLANG_WARN__DUPLICATE_METHOD_MATCH = YES;
				COPY_PHASE_STRIP = NO;
				DEBUG_INFORMATION_FORMAT = dwarf;
				ENABLE_STRICT_OBJC_MSGSEND = YES;
				ENABLE_TESTABILITY = YES;
				GCC_C_LANGUAGE_STANDARD = gnu11;
				GCC_DYNAMIC_NO_PIC = NO;
				GCC_NO_COMMON_BLOCKS = YES;
				GCC_OPTIMIZATION_LEVEL = 0;
				GCC_PREPROCESSOR_DEFINITIONS = (
					"DEBUG=1",
					"$(inherited)",
				);
				GCC_WARN_64_TO_32_BIT_CONVERSION = YES;
				GCC_WARN_ABOUT_RETURN_TYPE = YES_ERROR;
				GCC_WARN_UNDECLARED_SELECTOR = YES;
				GCC_WARN_UNINITIALIZED_AUTOS = YES_AGGRESSIVE;
				GCC_WARN_UNUSED_FUNCTION = YES;
				GCC_WARN_UNUSED_VARIABLE = YES;
				IPHONEOS_DEPLOYMENT_TARGET = 13.7;
				MTL_ENABLE_DEBUG_INFO = INCLUDE_SOURCE;
				MTL_FAST_MATH = YES;
				ONLY_ACTIVE_ARCH = YES;
				SDKROOT = iphoneos;
				SWIFT_ACTIVE_COMPILATION_CONDITIONS = DEBUG;
				SWIFT_OPTIMIZATION_LEVEL = "-Onone";
			};
			name = Debug;
		};
		DA2FB9A0251377280065EE19 /* Release */ = {
			isa = XCBuildConfiguration;
			buildSettings = {
				ALWAYS_SEARCH_USER_PATHS = NO;
				CLANG_ANALYZER_NONNULL = YES;
				CLANG_ANALYZER_NUMBER_OBJECT_CONVERSION = YES_AGGRESSIVE;
				CLANG_CXX_LANGUAGE_STANDARD = "gnu++14";
				CLANG_CXX_LIBRARY = "libc++";
				CLANG_ENABLE_MODULES = YES;
				CLANG_ENABLE_OBJC_ARC = YES;
				CLANG_ENABLE_OBJC_WEAK = YES;
				CLANG_WARN_BLOCK_CAPTURE_AUTORELEASING = YES;
				CLANG_WARN_BOOL_CONVERSION = YES;
				CLANG_WARN_COMMA = YES;
				CLANG_WARN_CONSTANT_CONVERSION = YES;
				CLANG_WARN_DEPRECATED_OBJC_IMPLEMENTATIONS = YES;
				CLANG_WARN_DIRECT_OBJC_ISA_USAGE = YES_ERROR;
				CLANG_WARN_DOCUMENTATION_COMMENTS = YES;
				CLANG_WARN_EMPTY_BODY = YES;
				CLANG_WARN_ENUM_CONVERSION = YES;
				CLANG_WARN_INFINITE_RECURSION = YES;
				CLANG_WARN_INT_CONVERSION = YES;
				CLANG_WARN_NON_LITERAL_NULL_CONVERSION = YES;
				CLANG_WARN_OBJC_IMPLICIT_RETAIN_SELF = YES;
				CLANG_WARN_OBJC_LITERAL_CONVERSION = YES;
				CLANG_WARN_OBJC_ROOT_CLASS = YES_ERROR;
				CLANG_WARN_RANGE_LOOP_ANALYSIS = YES;
				CLANG_WARN_STRICT_PROTOTYPES = YES;
				CLANG_WARN_SUSPICIOUS_MOVE = YES;
				CLANG_WARN_UNGUARDED_AVAILABILITY = YES_AGGRESSIVE;
				CLANG_WARN_UNREACHABLE_CODE = YES;
				CLANG_WARN__DUPLICATE_METHOD_MATCH = YES;
				COPY_PHASE_STRIP = NO;
				DEBUG_INFORMATION_FORMAT = "dwarf-with-dsym";
				ENABLE_NS_ASSERTIONS = NO;
				ENABLE_STRICT_OBJC_MSGSEND = YES;
				GCC_C_LANGUAGE_STANDARD = gnu11;
				GCC_NO_COMMON_BLOCKS = YES;
				GCC_WARN_64_TO_32_BIT_CONVERSION = YES;
				GCC_WARN_ABOUT_RETURN_TYPE = YES_ERROR;
				GCC_WARN_UNDECLARED_SELECTOR = YES;
				GCC_WARN_UNINITIALIZED_AUTOS = YES_AGGRESSIVE;
				GCC_WARN_UNUSED_FUNCTION = YES;
				GCC_WARN_UNUSED_VARIABLE = YES;
				IPHONEOS_DEPLOYMENT_TARGET = 13.7;
				MTL_ENABLE_DEBUG_INFO = NO;
				MTL_FAST_MATH = YES;
				SDKROOT = iphoneos;
				SWIFT_COMPILATION_MODE = wholemodule;
				SWIFT_OPTIMIZATION_LEVEL = "-O";
				VALIDATE_PRODUCT = YES;
			};
			name = Release;
		};
		DA2FB9A2251377280065EE19 /* Debug */ = {
			isa = XCBuildConfiguration;
			buildSettings = {
				ASSETCATALOG_COMPILER_APPICON_NAME = AppIcon;
				CODE_SIGN_STYLE = Automatic;
				DEVELOPMENT_TEAM = 4PS5F8YW72;
				INFOPLIST_FILE = Flag/Info.plist;
				LD_RUNPATH_SEARCH_PATHS = (
					"$(inherited)",
					"@executable_path/Frameworks",
				);
				PRODUCT_BUNDLE_IDENTIFIER = hovo.malxasyan.Flag;
				PRODUCT_NAME = "$(TARGET_NAME)";
				SWIFT_VERSION = 5.0;
				TARGETED_DEVICE_FAMILY = "1,2";
			};
			name = Debug;
		};
		DA2FB9A3251377280065EE19 /* Release */ = {
			isa = XCBuildConfiguration;
			buildSettings = {
				ASSETCATALOG_COMPILER_APPICON_NAME = AppIcon;
				CODE_SIGN_STYLE = Automatic;
				DEVELOPMENT_TEAM = 4PS5F8YW72;
				INFOPLIST_FILE = Flag/Info.plist;
				LD_RUNPATH_SEARCH_PATHS = (
					"$(inherited)",
					"@executable_path/Frameworks",
				);
				PRODUCT_BUNDLE_IDENTIFIER = hovo.malxasyan.Flag;
				PRODUCT_NAME = "$(TARGET_NAME)";
				SWIFT_VERSION = 5.0;
				TARGETED_DEVICE_FAMILY = "1,2";
			};
			name = Release;
		};
/* End XCBuildConfiguration section */

/* Begin XCConfigurationList section */
		DA2FB985251377270065EE19 /* Build configuration list for PBXProject "Flag" */ = {
			isa = XCConfigurationList;
			buildConfigurations = (
				DA2FB99F251377280065EE19 /* Debug */,
				DA2FB9A0251377280065EE19 /* Release */,
			);
			defaultConfigurationIsVisible = 0;
			defaultConfigurationName = Release;
		};
		DA2FB9A1251377280065EE19 /* Build configuration list for PBXNativeTarget "Flag" */ = {
			isa = XCConfigurationList;
			buildConfigurations = (
				DA2FB9A2251377280065EE19 /* Debug */,
				DA2FB9A3251377280065EE19 /* Release */,
			);
			defaultConfigurationIsVisible = 0;
			defaultConfigurationName = Release;
		};
/* End XCConfigurationList section */

/* Begin XCVersionGroup section */
		DA2FB996251377270065EE19 /* Flag.xcdatamodeld */ = {
			isa = XCVersionGroup;
			children = (
				DA2FB997251377270065EE19 /* Flag.xcdatamodel */,
			);
			currentVersion = DA2FB997251377270065EE19 /* Flag.xcdatamodel */;
			path = Flag.xcdatamodeld;
			sourceTree = "<group>";
			versionGroupType = wrapper.xcdatamodel;
		};
/* End XCVersionGroup section */
	};
	rootObject = DA2FB982251377270065EE19 /* Project object */;
}
